
Microsoft Visual Studio Solution File, Format Version 12.00
# Visual Studio Version 17
VisualStudioVersion = 17.8.34408.163
MinimumVisualStudioVersion = 10.0.40219.1
Project("{FAE04EC0-301F-11D3-BF4B-00C04F79EFBC}") = "Lab13Leonov", "Lab13Leonov\Lab13Leonov.csproj", "{7D3B84A6-1E69-4209-8E57-22552AA11790}"
EndProject
Global
	GlobalSection(SolutionConfigurationPlatforms) = preSolution
		Debug|Any CPU = Debug|Any CPU
		Release|Any CPU = Release|Any CPU
	EndGlobalSection
	GlobalSection(ProjectConfigurationPlatforms) = postSolution
		{7D3B84A6-1E69-4209-8E57-22552AA11790}.Debug|Any CPU.ActiveCfg = Debug|Any CPU
		{7D3B84A6-1E69-4209-8E57-22552AA11790}.Debug|Any CPU.Build.0 = Debug|Any CPU
		{7D3B84A6-1E69-4209-8E57-22552AA11790}.Release|Any CPU.ActiveCfg = Release|Any CPU
		{7D3B84A6-1E69-4209-8E57-22552AA11790}.Release|Any CPU.Build.0 = Release|Any CPU
	EndGlobalSection
	GlobalSection(SolutionProperties) = preSolution
		HideSolutionNode = FALSE
	EndGlobalSection
	GlobalSection(ExtensibilityGlobals) = postSolution
		SolutionGuid = {9A3F4CE4-C2E1-438C-8418-441B9196F9A6}
	EndGlobalSection
EndGlobal
