
Microsoft Visual Studio Solution File, Format Version 12.00
# Visual Studio Version 17
VisualStudioVersion = 17.8.34408.163
MinimumVisualStudioVersion = 10.0.40219.1
Project("{FAE04EC0-301F-11D3-BF4B-00C04F79EFBC}") = "LAb-9-Leonov", "LAb-9-Leonov\LAb-9-Leonov.csproj", "{C91AFFD9-7109-4D31-81E4-13B86FF3570A}"
EndProject
Global
	GlobalSection(SolutionConfigurationPlatforms) = preSolution
		Debug|Any CPU = Debug|Any CPU
		Release|Any CPU = Release|Any CPU
	EndGlobalSection
	GlobalSection(ProjectConfigurationPlatforms) = postSolution
		{C91AFFD9-7109-4D31-81E4-13B86FF3570A}.Debug|Any CPU.ActiveCfg = Debug|Any CPU
		{C91AFFD9-7109-4D31-81E4-13B86FF3570A}.Debug|Any CPU.Build.0 = Debug|Any CPU
		{C91AFFD9-7109-4D31-81E4-13B86FF3570A}.Release|Any CPU.ActiveCfg = Release|Any CPU
		{C91AFFD9-7109-4D31-81E4-13B86FF3570A}.Release|Any CPU.Build.0 = Release|Any CPU
	EndGlobalSection
	GlobalSection(SolutionProperties) = preSolution
		HideSolutionNode = FALSE
	EndGlobalSection
	GlobalSection(ExtensibilityGlobals) = postSolution
		SolutionGuid = {027B3486-18C3-4D99-A4B0-6D8E525B9477}
	EndGlobalSection
EndGlobal
